// !$*UTF8*$!
{
	archiveVersion = 1;
	classes = {
	};
	objectVersion = 50;
	objects = {

/* Begin PBXBuildFile section */
		A0AFA80123AAFDF50000682A /* AppDelegate.swift in Sources */ = {isa = PBXBuildFile; fileRef = A0AFA80023AAFDF50000682A /* AppDelegate.swift */; };
		A0AFA80323AAFDF50000682A /* SceneDelegate.swift in Sources */ = {isa = PBXBuildFile; fileRef = A0AFA80223AAFDF50000682A /* SceneDelegate.swift */; };
		A0AFA80523AAFDF50000682A /* ContentView.swift in Sources */ = {isa = PBXBuildFile; fileRef = A0AFA80423AAFDF50000682A /* ContentView.swift */; };
		A0AFA80723AAFDF60000682A /* Assets.xcassets in Resources */ = {isa = PBXBuildFile; fileRef = A0AFA80623AAFDF60000682A /* Assets.xcassets */; };
		A0AFA80A23AAFDF60000682A /* Preview Assets.xcassets in Resources */ = {isa = PBXBuildFile; fileRef = A0AFA80923AAFDF60000682A /* Preview Assets.xcassets */; };
		A0AFA80D23AAFDF60000682A /* LaunchScreen.storyboard in Resources */ = {isa = PBXBuildFile; fileRef = A0AFA80B23AAFDF60000682A /* LaunchScreen.storyboard */; };
/* End PBXBuildFile section */

/* Begin PBXFileReference section */
		A0AFA7FD23AAFDF50000682A /* reedscheduler.app */ = {isa = PBXFileReference; explicitFileType = wrapper.application; includeInIndex = 0; path = reedscheduler.app; sourceTree = BUILT_PRODUCTS_DIR; };
		A0AFA80023AAFDF50000682A /* AppDelegate.swift */ = {isa = PBXFileReference; lastKnownFileType = sourcecode.swift; path = AppDelegate.swift; sourceTree = "<group>"; };
		A0AFA80223AAFDF50000682A /* SceneDelegate.swift */ = {isa = PBXFileReference; lastKnownFileType = sourcecode.swift; path = SceneDelegate.swift; sourceTree = "<group>"; };
		A0AFA80423AAFDF50000682A /* ContentView.swift */ = {isa = PBXFileReference; lastKnownFileType = sourcecode.swift; path = ContentView.swift; sourceTree = "<group>"; };
		A0AFA80623AAFDF60000682A /* Assets.xcassets */ = {isa = PBXFileReference; lastKnownFileType = folder.assetcatalog; path = Assets.xcassets; sourceTree = "<group>"; };
		A0AFA80923AAFDF60000682A /* Preview Assets.xcassets */ = {isa = PBXFileReference; lastKnownFileType = folder.assetcatalog; path = "Preview Assets.xcassets"; sourceTree = "<group>"; };
		A0AFA80C23AAFDF60000682A /* Base */ = {isa = PBXFileReference; lastKnownFileType = file.storyboard; name = Base; path = Base.lproj/LaunchScreen.storyboard; sourceTree = "<group>"; };
		A0AFA80E23AAFDF60000682A /* Info.plist */ = {isa = PBXFileReference; lastKnownFileType = text.plist.xml; path = Info.plist; sourceTree = "<group>"; };
/* End PBXFileReference section */

/* Begin PBXFrameworksBuildPhase section */
		A0AFA7FA23AAFDF50000682A /* Frameworks */ = {
			isa = PBXFrameworksBuildPhase;
			buildActionMask = 2147483647;
			files = (
			);
			runOnlyForDeploymentPostprocessing = 0;
		};
/* End PBXFrameworksBuildPhase section */

/* Begin PBXGroup section */
		A0AFA7F423AAFDF50000682A = {
			isa = PBXGroup;
			children = (
				A0AFA7FF23AAFDF50000682A /* reedscheduler */,
				A0AFA7FE23AAFDF50000682A /* Products */,
			);
			sourceTree = "<group>";
		};
		A0AFA7FE23AAFDF50000682A /* Products */ = {
			isa = PBXGroup;
			children = (
				A0AFA7FD23AAFDF50000682A /* reedscheduler.app */,
			);
			name = Products;
			sourceTree = "<group>";
		};
		A0AFA7FF23AAFDF50000682A /* reedscheduler */ = {
			isa = PBXGroup;
			children = (
				A0AFA80023AAFDF50000682A /* AppDelegate.swift */,
				A0AFA80223AAFDF50000682A /* SceneDelegate.swift */,
				A0AFA80423AAFDF50000682A /* ContentView.swift */,
				A0AFA80623AAFDF60000682A /* Assets.xcassets */,
				A0AFA80B23AAFDF60000682A /* LaunchScreen.storyboard */,
				A0AFA80E23AAFDF60000682A /* Info.plist */,
				A0AFA80823AAFDF60000682A /* Preview Content */,
			);
			path = reedscheduler;
			sourceTree = "<group>";
		};
		A0AFA80823AAFDF60000682A /* Preview Content */ = {
			isa = PBXGroup;
			children = (
				A0AFA80923AAFDF60000682A /* Preview Assets.xcassets */,
			);
			path = "Preview Content";
			sourceTree = "<group>";
		};
/* End PBXGroup section */

/* Begin PBXNativeTarget section */
		A0AFA7FC23AAFDF50000682A /* reedscheduler */ = {
			isa = PBXNativeTarget;
			buildConfigurationList = A0AFA81123AAFDF60000682A /* Build configuration list for PBXNativeTarget "reedscheduler" */;
			buildPhases = (
				A0AFA7F923AAFDF50000682A /* Sources */,
				A0AFA7FA23AAFDF50000682A /* Frameworks */,
				A0AFA7FB23AAFDF50000682A /* Resources */,
			);
			buildRules = (
			);
			dependencies = (
			);
			name = reedscheduler;
			productName = reedscheduler;
			productReference = A0AFA7FD23AAFDF50000682A /* reedscheduler.app */;
			productType = "com.apple.product-type.application";
		};
/* End PBXNativeTarget section */

/* Begin PBXProject section */
		A0AFA7F523AAFDF50000682A /* Project object */ = {
			isa = PBXProject;
			attributes = {
				LastSwiftUpdateCheck = 1130;
				LastUpgradeCheck = 1130;
				ORGANIZATIONNAME = "Max Rosenberg";
				TargetAttributes = {
					A0AFA7FC23AAFDF50000682A = {
						CreatedOnToolsVersion = 11.3;
					};
				};
			};
			buildConfigurationList = A0AFA7F823AAFDF50000682A /* Build configuration list for PBXProject "reedscheduler" */;
			compatibilityVersion = "Xcode 9.3";
			developmentRegion = en;
			hasScannedForEncodings = 0;
			knownRegions = (
				en,
				Base,
			);
			mainGroup = A0AFA7F423AAFDF50000682A;
			productRefGroup = A0AFA7FE23AAFDF50000682A /* Products */;
			projectDirPath = "";
			projectRoot = "";
			targets = (
				A0AFA7FC23AAFDF50000682A /* reedscheduler */,
			);
		};
/* End PBXProject section */

/* Begin PBXResourcesBuildPhase section */
		A0AFA7FB23AAFDF50000682A /* Resources */ = {
			isa = PBXResourcesBuildPhase;
			buildActionMask = 2147483647;
			files = (
				A0AFA80D23AAFDF60000682A /* LaunchScreen.storyboard in Resources */,
				A0AFA80A23AAFDF60000682A /* Preview Assets.xcassets in Resources */,
				A0AFA80723AAFDF60000682A /* Assets.xcassets in Resources */,
			);
			runOnlyForDeploymentPostprocessing = 0;
		};
/* End PBXResourcesBuildPhase section */

/* Begin PBXSourcesBuildPhase section */
		A0AFA7F923AAFDF50000682A /* Sources */ = {
			isa = PBXSourcesBuildPhase;
			buildActionMask = 2147483647;
			files = (
				A0AFA80123AAFDF50000682A /* AppDelegate.swift in Sources */,
				A0AFA80323AAFDF50000682A /* SceneDelegate.swift in Sources */,
				A0AFA80523AAFDF50000682A /* ContentView.swift in Sources */,
			);
			runOnlyForDeploymentPostprocessing = 0;
		};
/* End PBXSourcesBuildPhase section */

/* Begin PBXVariantGroup section */
		A0AFA80B23AAFDF60000682A /* LaunchScreen.storyboard */ = {
			isa = PBXVariantGroup;
			children = (
				A0AFA80C23AAFDF60000682A /* Base */,
			);
			name = LaunchScreen.storyboard;
			sourceTree = "<group>";
		};
/* End PBXVariantGroup section */

/* Begin XCBuildConfiguration section */
		A0AFA80F23AAFDF60000682A /* Debug */ = {
			isa = XCBuildConfiguration;
			buildSettings = {
				ALWAYS_SEARCH_USER_PATHS = NO;
				CLANG_ANALYZER_NONNULL = YES;
				CLANG_ANALYZER_NUMBER_OBJECT_CONVERSION = YES_AGGRESSIVE;
				CLANG_CXX_LANGUAGE_STANDARD = "gnu++14";
				CLANG_CXX_LIBRARY = "libc++";
				CLANG_ENABLE_MODULES = YES;
				CLANG_ENABLE_OBJC_ARC = YES;
				CLANG_ENABLE_OBJC_WEAK = YES;
				CLANG_WARN_BLOCK_CAPTURE_AUTORELEASING = YES;
				CLANG_WARN_BOOL_CONVERSION = YES;
				CLANG_WARN_COMMA = YES;
				CLANG_WARN_CONSTANT_CONVERSION = YES;
				CLANG_WARN_DEPRECATED_OBJC_IMPLEMENTATIONS = YES;
				CLANG_WARN_DIRECT_OBJC_ISA_USAGE = YES_ERROR;
				CLANG_WARN_DOCUMENTATION_COMMENTS = YES;
				CLANG_WARN_EMPTY_BODY = YES;
				CLANG_WARN_ENUM_CONVERSION = YES;
				CLANG_WARN_INFINITE_RECURSION = YES;
				CLANG_WARN_INT_CONVERSION = YES;
				CLANG_WARN_NON_LITERAL_NULL_CONVERSION = YES;
				CLANG_WARN_OBJC_IMPLICIT_RETAIN_SELF = YES;
				CLANG_WARN_OBJC_LITERAL_CONVERSION = YES;
				CLANG_WARN_OBJC_ROOT_CLASS = YES_ERROR;
				CLANG_WARN_RANGE_LOOP_ANALYSIS = YES;
				CLANG_WARN_STRICT_PROTOTYPES = YES;
				CLANG_WARN_SUSPICIOUS_MOVE = YES;
				CLANG_WARN_UNGUARDED_AVAILABILITY = YES_AGGRESSIVE;
				CLANG_WARN_UNREACHABLE_CODE = YES;
				CLANG_WARN__DUPLICATE_METHOD_MATCH = YES;
				COPY_PHASE_STRIP = NO;
				DEBUG_INFORMATION_FORMAT = dwarf;
				ENABLE_STRICT_OBJC_MSGSEND = YES;
				ENABLE_TESTABILITY = YES;
				GCC_C_LANGUAGE_STANDARD = gnu11;
				GCC_DYNAMIC_NO_PIC = NO;
				GCC_NO_COMMON_BLOCKS = YES;
				GCC_OPTIMIZATION_LEVEL = 0;
				GCC_PREPROCESSOR_DEFINITIONS = (
					"DEBUG=1",
					"$(inherited)",
				);
				GCC_WARN_64_TO_32_BIT_CONVERSION = YES;
				GCC_WARN_ABOUT_RETURN_TYPE = YES_ERROR;
				GCC_WARN_UNDECLARED_SELECTOR = YES;
				GCC_WARN_UNINITIALIZED_AUTOS = YES_AGGRESSIVE;
				GCC_WARN_UNUSED_FUNCTION = YES;
				GCC_WARN_UNUSED_VARIABLE = YES;
				IPHONEOS_DEPLOYMENT_TARGET = 13.2;
				MTL_ENABLE_DEBUG_INFO = INCLUDE_SOURCE;
				MTL_FAST_MATH = YES;
				ONLY_ACTIVE_ARCH = YES;
				SDKROOT = iphoneos;
				SWIFT_ACTIVE_COMPILATION_CONDITIONS = DEBUG;
				SWIFT_OPTIMIZATION_LEVEL = "-Onone";
			};
			name = Debug;
		};
		A0AFA81023AAFDF60000682A /* Release */ = {
			isa = XCBuildConfiguration;
			buildSettings = {
				ALWAYS_SEARCH_USER_PATHS = NO;
				CLANG_ANALYZER_NONNULL = YES;
				CLANG_ANALYZER_NUMBER_OBJECT_CONVERSION = YES_AGGRESSIVE;
				CLANG_CXX_LANGUAGE_STANDARD = "gnu++14";
				CLANG_CXX_LIBRARY = "libc++";
				CLANG_ENABLE_MODULES = YES;
				CLANG_ENABLE_OBJC_ARC = YES;
				CLANG_ENABLE_OBJC_WEAK = YES;
				CLANG_WARN_BLOCK_CAPTURE_AUTORELEASING = YES;
				CLANG_WARN_BOOL_CONVERSION = YES;
				CLANG_WARN_COMMA = YES;
				CLANG_WARN_CONSTANT_CONVERSION = YES;
				CLANG_WARN_DEPRECATED_OBJC_IMPLEMENTATIONS = YES;
				CLANG_WARN_DIRECT_OBJC_ISA_USAGE = YES_ERROR;
				CLANG_WARN_DOCUMENTATION_COMMENTS = YES;
				CLANG_WARN_EMPTY_BODY = YES;
				CLANG_WARN_ENUM_CONVERSION = YES;
				CLANG_WARN_INFINITE_RECURSION = YES;
				CLANG_WARN_INT_CONVERSION = YES;
				CLANG_WARN_NON_LITERAL_NULL_CONVERSION = YES;
				CLANG_WARN_OBJC_IMPLICIT_RETAIN_SELF = YES;
				CLANG_WARN_OBJC_LITERAL_CONVERSION = YES;
				CLANG_WARN_OBJC_ROOT_CLASS = YES_ERROR;
				CLANG_WARN_RANGE_LOOP_ANALYSIS = YES;
				CLANG_WARN_STRICT_PROTOTYPES = YES;
				CLANG_WARN_SUSPICIOUS_MOVE = YES;
				CLANG_WARN_UNGUARDED_AVAILABILITY = YES_AGGRESSIVE;
				CLANG_WARN_UNREACHABLE_CODE = YES;
				CLANG_WARN__DUPLICATE_METHOD_MATCH = YES;
				COPY_PHASE_STRIP = NO;
				DEBUG_INFORMATION_FORMAT = "dwarf-with-dsym";
				ENABLE_NS_ASSERTIONS = NO;
				ENABLE_STRICT_OBJC_MSGSEND = YES;
				GCC_C_LANGUAGE_STANDARD = gnu11;
				GCC_NO_COMMON_BLOCKS = YES;
				GCC_WARN_64_TO_32_BIT_CONVERSION = YES;
				GCC_WARN_ABOUT_RETURN_TYPE = YES_ERROR;
				GCC_WARN_UNDECLARED_SELECTOR = YES;
				GCC_WARN_UNINITIALIZED_AUTOS = YES_AGGRESSIVE;
				GCC_WARN_UNUSED_FUNCTION = YES;
				GCC_WARN_UNUSED_VARIABLE = YES;
				IPHONEOS_DEPLOYMENT_TARGET = 13.2;
				MTL_ENABLE_DEBUG_INFO = NO;
				MTL_FAST_MATH = YES;
				SDKROOT = iphoneos;
				SWIFT_COMPILATION_MODE = wholemodule;
				SWIFT_OPTIMIZATION_LEVEL = "-O";
				VALIDATE_PRODUCT = YES;
			};
			name = Release;
		};
		A0AFA81223AAFDF60000682A /* Debug */ = {
			isa = XCBuildConfiguration;
			buildSettings = {
				ASSETCATALOG_COMPILER_APPICON_NAME = AppIcon;
				CODE_SIGN_STYLE = Automatic;
				DEVELOPMENT_ASSET_PATHS = "\"reedscheduler/Preview Content\"";
				ENABLE_PREVIEWS = YES;
				INFOPLIST_FILE = reedscheduler/Info.plist;
				LD_RUNPATH_SEARCH_PATHS = (
					"$(inherited)",
					"@executable_path/Frameworks",
				);
				PRODUCT_BUNDLE_IDENTIFIER = com.max.reedscheduler.reedscheduler;
				PRODUCT_NAME = "$(TARGET_NAME)";
				SWIFT_VERSION = 5.0;
				TARGETED_DEVICE_FAMILY = "1,2";
			};
			name = Debug;
		};
		A0AFA81323AAFDF60000682A /* Release */ = {
			isa = XCBuildConfiguration;
			buildSettings = {
				ASSETCATALOG_COMPILER_APPICON_NAME = AppIcon;
				CODE_SIGN_STYLE = Automatic;
				DEVELOPMENT_ASSET_PATHS = "\"reedscheduler/Preview Content\"";
				ENABLE_PREVIEWS = YES;
				INFOPLIST_FILE = reedscheduler/Info.plist;
				LD_RUNPATH_SEARCH_PATHS = (
					"$(inherited)",
					"@executable_path/Frameworks",
				);
				PRODUCT_BUNDLE_IDENTIFIER = com.max.reedscheduler.reedscheduler;
				PRODUCT_NAME = "$(TARGET_NAME)";
				SWIFT_VERSION = 5.0;
				TARGETED_DEVICE_FAMILY = "1,2";
			};
			name = Release;
		};
/* End XCBuildConfiguration section */

/* Begin XCConfigurationList section */
		A0AFA7F823AAFDF50000682A /* Build configuration list for PBXProject "reedscheduler" */ = {
			isa = XCConfigurationList;
			buildConfigurations = (
				A0AFA80F23AAFDF60000682A /* Debug */,
				A0AFA81023AAFDF60000682A /* Release */,
			);
			defaultConfigurationIsVisible = 0;
			defaultConfigurationName = Release;
		};
		A0AFA81123AAFDF60000682A /* Build configuration list for PBXNativeTarget "reedscheduler" */ = {
			isa = XCConfigurationList;
			buildConfigurations = (
				A0AFA81223AAFDF60000682A /* Debug */,
				A0AFA81323AAFDF60000682A /* Release */,
			);
			defaultConfigurationIsVisible = 0;
			defaultConfigurationName = Release;
		};
/* End XCConfigurationList section */
	};
	rootObject = A0AFA7F523AAFDF50000682A /* Project object */;
}
